dependencies:
- name: builder
  repository: https://kmala.github.io/charts/builder
  version: v2.5.1
- name: slugbuilder
  repository: https://kmala.github.io/charts/slugbuilder
  version: v2.4.3
- name: dockerbuilder
  repository: https://kmala.github.io/charts/dockerbuilder
  version: v2.3.3
- name: controller
  repository: https://kmala.github.io/charts/controller
  version: v2.6.0
- name: slugrunner
  repository: https://kmala.github.io/charts/slugrunner
  version: v2.2.2
- name: database
  repository: https://kmala.github.io/charts/database
  version: v2.2.3
- name: fluentd
  repository: https://kmala.github.io/charts/fluentd
  version: v2.4.1
- name: redis
  repository: https://kmala.github.io/charts/redis
  version: v2.2.2
- name: logger
  repository: https://kmala.github.io/charts/logger
  version: v2.3.1
- name: minio
  repository: https://kmala.github.io/charts/minio
  version: v2.3.0
- name: monitor
  repository: https://kmala.github.io/charts/monitor
  version: v2.5.1
- name: nsqd
  repository: https://kmala.github.io/charts/nsqd
  version: v2.2.2
- name: registry
  repository: https://kmala.github.io/charts/registry
  version: v2.2.2
- name: registry-proxy
  repository: https://kmala.github.io/charts/registry-proxy
  version: v1.1.0
- name: registry-token-refresher
  repository: https://kmala.github.io/charts/registry-token-refresher
  version: v1.0.2
- name: router
  repository: https://kmala.github.io/charts/router
  version: v2.6.2
- name: workflow-manager
  repository: https://kmala.github.io/charts/workflow-manager
  version: v2.4.2
digest: sha256:6378993576a052e76e54a589589a1a936ec5885aebb2c88a0915e564dbfd2c66
generated: 2016-10-10T16:10:19.837445894-06:00
